
Microsoft Visual Studio Solution File, Format Version 12.00
# Visual Studio Version 17
VisualStudioVersion = 17.2.32519.379
MinimumVisualStudioVersion = 10.0.40219.1
Project("{FAE04EC0-301F-11D3-BF4B-00C04F79EFBC}") = "ExcelToDataBase", "ExcelToDataBase\ExcelToDataBase.csproj", "{4B7099D8-3D1E-43F4-80BF-8B3B60ED4E70}"
EndProject
Global
	GlobalSection(SolutionConfigurationPlatforms) = preSolution
		Debug|Any CPU = Debug|Any CPU
		Release|Any CPU = Release|Any CPU
	EndGlobalSection
	GlobalSection(ProjectConfigurationPlatforms) = postSolution
		{4B7099D8-3D1E-43F4-80BF-8B3B60ED4E70}.Debug|Any CPU.ActiveCfg = Debug|Any CPU
		{4B7099D8-3D1E-43F4-80BF-8B3B60ED4E70}.Debug|Any CPU.Build.0 = Debug|Any CPU
		{4B7099D8-3D1E-43F4-80BF-8B3B60ED4E70}.Release|Any CPU.ActiveCfg = Release|Any CPU
		{4B7099D8-3D1E-43F4-80BF-8B3B60ED4E70}.Release|Any CPU.Build.0 = Release|Any CPU
	EndGlobalSection
	GlobalSection(SolutionProperties) = preSolution
		HideSolutionNode = FALSE
	EndGlobalSection
	GlobalSection(ExtensibilityGlobals) = postSolution
		SolutionGuid = {B56A6D07-BB25-4E2B-A670-99FA24F7ED59}
	EndGlobalSection
EndGlobal
